
Microsoft Visual Studio Solution File, Format Version 12.00
# Visual Studio 2012
Project("{FAE04EC0-301F-11D3-BF4B-00C04F79EFBC}") = "CPUid", "CPUid\CPUid.csproj", "{AA9689D7-099F-4D1B-A133-079E86943117}"
EndProject
Global
	GlobalSection(SolutionConfigurationPlatforms) = preSolution
		Debug|Any CPU = Debug|Any CPU
		Release|Any CPU = Release|Any CPU
	EndGlobalSection
	GlobalSection(ProjectConfigurationPlatforms) = postSolution
		{AA9689D7-099F-4D1B-A133-079E86943117}.Debug|Any CPU.ActiveCfg = Debug|Any CPU
		{AA9689D7-099F-4D1B-A133-079E86943117}.Debug|Any CPU.Build.0 = Debug|Any CPU
		{AA9689D7-099F-4D1B-A133-079E86943117}.Release|Any CPU.ActiveCfg = Release|Any CPU
		{AA9689D7-099F-4D1B-A133-079E86943117}.Release|Any CPU.Build.0 = Release|Any CPU
	EndGlobalSection
	GlobalSection(SolutionProperties) = preSolution
		HideSolutionNode = FALSE
	EndGlobalSection
EndGlobal
